// !$*UTF8*$!
{
	archiveVersion = 1;
	classes = {
	};
	objectVersion = 50;
	objects = {

/* Begin PBXBuildFile section */
		3C7344E8F6DF7EE455A1FC44 /* libPods-DWAnimation.a in Frameworks */ = {isa = PBXBuildFile; fileRef = 2E019D9BE16BFE209A968D2A /* libPods-DWAnimation.a */; };
		9B244007222C185B004A6E34 /* AppendAnimationViewController.m in Sources */ = {isa = PBXBuildFile; fileRef = 9B244006222C185B004A6E34 /* AppendAnimationViewController.m */; };
		9B24400A222C1BBD004A6E34 /* CreateAnimationViewController.m in Sources */ = {isa = PBXBuildFile; fileRef = 9B244009222C1BBD004A6E34 /* CreateAnimationViewController.m */; };
		9B24400D222C2173004A6E34 /* CombineAnimationViewController.m in Sources */ = {isa = PBXBuildFile; fileRef = 9B24400C222C2173004A6E34 /* CombineAnimationViewController.m */; };
		9B244010222C224A004A6E34 /* CombineAnimationsInArrayViewController.m in Sources */ = {isa = PBXBuildFile; fileRef = 9B24400F222C224A004A6E34 /* CombineAnimationsInArrayViewController.m */; };
		9B244013222C232D004A6E34 /* ResetAnimationViewController.m in Sources */ = {isa = PBXBuildFile; fileRef = 9B244012222C232D004A6E34 /* ResetAnimationViewController.m */; };
		9B6ED65C22005146003BB1EA /* MakerAnimationViewController.m in Sources */ = {isa = PBXBuildFile; fileRef = 9B6ED65B22005146003BB1EA /* MakerAnimationViewController.m */; };
		9B6ED65F2200516E003BB1EA /* BaseViewController.m in Sources */ = {isa = PBXBuildFile; fileRef = 9B6ED65E2200516E003BB1EA /* BaseViewController.m */; };
		9B6ED66222006048003BB1EA /* ArrAnimationViewController.m in Sources */ = {isa = PBXBuildFile; fileRef = 9B6ED66122006048003BB1EA /* ArrAnimationViewController.m */; };
		9B6ED66522006373003BB1EA /* TimeIntervalAnimationViewController.m in Sources */ = {isa = PBXBuildFile; fileRef = 9B6ED66422006373003BB1EA /* TimeIntervalAnimationViewController.m */; };
		9B6ED66822006795003BB1EA /* BezierAnimationViewController.m in Sources */ = {isa = PBXBuildFile; fileRef = 9B6ED66722006795003BB1EA /* BezierAnimationViewController.m */; };
		9B6ED66B22006885003BB1EA /* ArcAnimationViewController.m in Sources */ = {isa = PBXBuildFile; fileRef = 9B6ED66A22006885003BB1EA /* ArcAnimationViewController.m */; };
		9B6ED66E220068F8003BB1EA /* SpringAnimationViewController.m in Sources */ = {isa = PBXBuildFile; fileRef = 9B6ED66D220068F8003BB1EA /* SpringAnimationViewController.m */; };
		9B6ED6712201C5B6003BB1EA /* KeyPathAnimationViewController.m in Sources */ = {isa = PBXBuildFile; fileRef = 9B6ED6702201C5B6003BB1EA /* KeyPathAnimationViewController.m */; };
		9B6ED6742201C69F003BB1EA /* RotateAxisAnimationViewController.m in Sources */ = {isa = PBXBuildFile; fileRef = 9B6ED6732201C69F003BB1EA /* RotateAxisAnimationViewController.m */; };
		9B6ED6772201CECA003BB1EA /* SimulateChangeAnchorViewController.m in Sources */ = {isa = PBXBuildFile; fileRef = 9B6ED6762201CECA003BB1EA /* SimulateChangeAnchorViewController.m */; };
		9B92D763222F7F5400C49C55 /* AnimationGroupViewController.m in Sources */ = {isa = PBXBuildFile; fileRef = 9B92D762222F7F5400C49C55 /* AnimationGroupViewController.m */; };
		9BFD534E20DB54FE00356DEC /* AppDelegate.m in Sources */ = {isa = PBXBuildFile; fileRef = 9BFD534D20DB54FE00356DEC /* AppDelegate.m */; };
		9BFD535120DB54FE00356DEC /* ViewController.m in Sources */ = {isa = PBXBuildFile; fileRef = 9BFD535020DB54FE00356DEC /* ViewController.m */; };
		9BFD535420DB54FE00356DEC /* Main.storyboard in Resources */ = {isa = PBXBuildFile; fileRef = 9BFD535220DB54FE00356DEC /* Main.storyboard */; };
		9BFD535620DB550000356DEC /* Assets.xcassets in Resources */ = {isa = PBXBuildFile; fileRef = 9BFD535520DB550000356DEC /* Assets.xcassets */; };
		9BFD535920DB550000356DEC /* LaunchScreen.storyboard in Resources */ = {isa = PBXBuildFile; fileRef = 9BFD535720DB550000356DEC /* LaunchScreen.storyboard */; };
		9BFD535C20DB550000356DEC /* main.m in Sources */ = {isa = PBXBuildFile; fileRef = 9BFD535B20DB550000356DEC /* main.m */; };
/* End PBXBuildFile section */

/* Begin PBXFileReference section */
		1C8A16F8DC132DC54A7798A4 /* Pods-DWAnimation.release.xcconfig */ = {isa = PBXFileReference; includeInIndex = 1; lastKnownFileType = text.xcconfig; name = "Pods-DWAnimation.release.xcconfig"; path = "Pods/Target Support Files/Pods-DWAnimation/Pods-DWAnimation.release.xcconfig"; sourceTree = "<group>"; };
		2E019D9BE16BFE209A968D2A /* libPods-DWAnimation.a */ = {isa = PBXFileReference; explicitFileType = archive.ar; includeInIndex = 0; path = "libPods-DWAnimation.a"; sourceTree = BUILT_PRODUCTS_DIR; };
		92E7299B0B5FA8690B7AE241 /* Pods-DWAnimation.debug.xcconfig */ = {isa = PBXFileReference; includeInIndex = 1; lastKnownFileType = text.xcconfig; name = "Pods-DWAnimation.debug.xcconfig"; path = "Pods/Target Support Files/Pods-DWAnimation/Pods-DWAnimation.debug.xcconfig"; sourceTree = "<group>"; };
		9B244005222C185B004A6E34 /* AppendAnimationViewController.h */ = {isa = PBXFileReference; lastKnownFileType = sourcecode.c.h; path = AppendAnimationViewController.h; sourceTree = "<group>"; };
		9B244006222C185B004A6E34 /* AppendAnimationViewController.m */ = {isa = PBXFileReference; lastKnownFileType = sourcecode.c.objc; path = AppendAnimationViewController.m; sourceTree = "<group>"; };
		9B244008222C1BBD004A6E34 /* CreateAnimationViewController.h */ = {isa = PBXFileReference; lastKnownFileType = sourcecode.c.h; path = CreateAnimationViewController.h; sourceTree = "<group>"; };
		9B244009222C1BBD004A6E34 /* CreateAnimationViewController.m */ = {isa = PBXFileReference; lastKnownFileType = sourcecode.c.objc; path = CreateAnimationViewController.m; sourceTree = "<group>"; };
		9B24400B222C2173004A6E34 /* CombineAnimationViewController.h */ = {isa = PBXFileReference; lastKnownFileType = sourcecode.c.h; path = CombineAnimationViewController.h; sourceTree = "<group>"; };
		9B24400C222C2173004A6E34 /* CombineAnimationViewController.m */ = {isa = PBXFileReference; lastKnownFileType = sourcecode.c.objc; path = CombineAnimationViewController.m; sourceTree = "<group>"; };
		9B24400E222C224A004A6E34 /* CombineAnimationsInArrayViewController.h */ = {isa = PBXFileReference; lastKnownFileType = sourcecode.c.h; path = CombineAnimationsInArrayViewController.h; sourceTree = "<group>"; };
		9B24400F222C224A004A6E34 /* CombineAnimationsInArrayViewController.m */ = {isa = PBXFileReference; lastKnownFileType = sourcecode.c.objc; path = CombineAnimationsInArrayViewController.m; sourceTree = "<group>"; };
		9B244011222C232D004A6E34 /* ResetAnimationViewController.h */ = {isa = PBXFileReference; lastKnownFileType = sourcecode.c.h; path = ResetAnimationViewController.h; sourceTree = "<group>"; };
		9B244012222C232D004A6E34 /* ResetAnimationViewController.m */ = {isa = PBXFileReference; lastKnownFileType = sourcecode.c.objc; path = ResetAnimationViewController.m; sourceTree = "<group>"; };
		9B6ED65A22005146003BB1EA /* MakerAnimationViewController.h */ = {isa = PBXFileReference; lastKnownFileType = sourcecode.c.h; path = MakerAnimationViewController.h; sourceTree = "<group>"; };
		9B6ED65B22005146003BB1EA /* MakerAnimationViewController.m */ = {isa = PBXFileReference; lastKnownFileType = sourcecode.c.objc; path = MakerAnimationViewController.m; sourceTree = "<group>"; };
		9B6ED65D2200516E003BB1EA /* BaseViewController.h */ = {isa = PBXFileReference; lastKnownFileType = sourcecode.c.h; path = BaseViewController.h; sourceTree = "<group>"; };
		9B6ED65E2200516E003BB1EA /* BaseViewController.m */ = {isa = PBXFileReference; lastKnownFileType = sourcecode.c.objc; path = BaseViewController.m; sourceTree = "<group>"; };
		9B6ED66022006048003BB1EA /* ArrAnimationViewController.h */ = {isa = PBXFileReference; lastKnownFileType = sourcecode.c.h; path = ArrAnimationViewController.h; sourceTree = "<group>"; };
		9B6ED66122006048003BB1EA /* ArrAnimationViewController.m */ = {isa = PBXFileReference; lastKnownFileType = sourcecode.c.objc; path = ArrAnimationViewController.m; sourceTree = "<group>"; };
		9B6ED66322006373003BB1EA /* TimeIntervalAnimationViewController.h */ = {isa = PBXFileReference; lastKnownFileType = sourcecode.c.h; path = TimeIntervalAnimationViewController.h; sourceTree = "<group>"; };
		9B6ED66422006373003BB1EA /* TimeIntervalAnimationViewController.m */ = {isa = PBXFileReference; lastKnownFileType = sourcecode.c.objc; path = TimeIntervalAnimationViewController.m; sourceTree = "<group>"; };
		9B6ED66622006795003BB1EA /* BezierAnimationViewController.h */ = {isa = PBXFileReference; lastKnownFileType = sourcecode.c.h; path = BezierAnimationViewController.h; sourceTree = "<group>"; };
		9B6ED66722006795003BB1EA /* BezierAnimationViewController.m */ = {isa = PBXFileReference; lastKnownFileType = sourcecode.c.objc; path = BezierAnimationViewController.m; sourceTree = "<group>"; };
		9B6ED66922006885003BB1EA /* ArcAnimationViewController.h */ = {isa = PBXFileReference; lastKnownFileType = sourcecode.c.h; path = ArcAnimationViewController.h; sourceTree = "<group>"; };
		9B6ED66A22006885003BB1EA /* ArcAnimationViewController.m */ = {isa = PBXFileReference; lastKnownFileType = sourcecode.c.objc; path = ArcAnimationViewController.m; sourceTree = "<group>"; };
		9B6ED66C220068F8003BB1EA /* SpringAnimationViewController.h */ = {isa = PBXFileReference; lastKnownFileType = sourcecode.c.h; path = SpringAnimationViewController.h; sourceTree = "<group>"; };
		9B6ED66D220068F8003BB1EA /* SpringAnimationViewController.m */ = {isa = PBXFileReference; lastKnownFileType = sourcecode.c.objc; path = SpringAnimationViewController.m; sourceTree = "<group>"; };
		9B6ED66F2201C5B6003BB1EA /* KeyPathAnimationViewController.h */ = {isa = PBXFileReference; lastKnownFileType = sourcecode.c.h; path = KeyPathAnimationViewController.h; sourceTree = "<group>"; };
		9B6ED6702201C5B6003BB1EA /* KeyPathAnimationViewController.m */ = {isa = PBXFileReference; lastKnownFileType = sourcecode.c.objc; path = KeyPathAnimationViewController.m; sourceTree = "<group>"; };
		9B6ED6722201C69F003BB1EA /* RotateAxisAnimationViewController.h */ = {isa = PBXFileReference; lastKnownFileType = sourcecode.c.h; path = RotateAxisAnimationViewController.h; sourceTree = "<group>"; };
		9B6ED6732201C69F003BB1EA /* RotateAxisAnimationViewController.m */ = {isa = PBXFileReference; lastKnownFileType = sourcecode.c.objc; path = RotateAxisAnimationViewController.m; sourceTree = "<group>"; };
		9B6ED6752201CECA003BB1EA /* SimulateChangeAnchorViewController.h */ = {isa = PBXFileReference; lastKnownFileType = sourcecode.c.h; path = SimulateChangeAnchorViewController.h; sourceTree = "<group>"; };
		9B6ED6762201CECA003BB1EA /* SimulateChangeAnchorViewController.m */ = {isa = PBXFileReference; lastKnownFileType = sourcecode.c.objc; path = SimulateChangeAnchorViewController.m; sourceTree = "<group>"; };
		9B92D761222F7F5400C49C55 /* AnimationGroupViewController.h */ = {isa = PBXFileReference; lastKnownFileType = sourcecode.c.h; path = AnimationGroupViewController.h; sourceTree = "<group>"; };
		9B92D762222F7F5400C49C55 /* AnimationGroupViewController.m */ = {isa = PBXFileReference; lastKnownFileType = sourcecode.c.objc; path = AnimationGroupViewController.m; sourceTree = "<group>"; };
		9BFD534920DB54FE00356DEC /* DWAnimation.app */ = {isa = PBXFileReference; explicitFileType = wrapper.application; includeInIndex = 0; path = DWAnimation.app; sourceTree = BUILT_PRODUCTS_DIR; };
		9BFD534C20DB54FE00356DEC /* AppDelegate.h */ = {isa = PBXFileReference; lastKnownFileType = sourcecode.c.h; path = AppDelegate.h; sourceTree = "<group>"; };
		9BFD534D20DB54FE00356DEC /* AppDelegate.m */ = {isa = PBXFileReference; lastKnownFileType = sourcecode.c.objc; path = AppDelegate.m; sourceTree = "<group>"; };
		9BFD534F20DB54FE00356DEC /* ViewController.h */ = {isa = PBXFileReference; lastKnownFileType = sourcecode.c.h; path = ViewController.h; sourceTree = "<group>"; };
		9BFD535020DB54FE00356DEC /* ViewController.m */ = {isa = PBXFileReference; lastKnownFileType = sourcecode.c.objc; path = ViewController.m; sourceTree = "<group>"; };
		9BFD535320DB54FE00356DEC /* Base */ = {isa = PBXFileReference; lastKnownFileType = file.storyboard; name = Base; path = Base.lproj/Main.storyboard; sourceTree = "<group>"; };
		9BFD535520DB550000356DEC /* Assets.xcassets */ = {isa = PBXFileReference; lastKnownFileType = folder.assetcatalog; path = Assets.xcassets; sourceTree = "<group>"; };
		9BFD535820DB550000356DEC /* Base */ = {isa = PBXFileReference; lastKnownFileType = file.storyboard; name = Base; path = Base.lproj/LaunchScreen.storyboard; sourceTree = "<group>"; };
		9BFD535A20DB550000356DEC /* Info.plist */ = {isa = PBXFileReference; lastKnownFileType = text.plist.xml; path = Info.plist; sourceTree = "<group>"; };
		9BFD535B20DB550000356DEC /* main.m */ = {isa = PBXFileReference; lastKnownFileType = sourcecode.c.objc; path = main.m; sourceTree = "<group>"; };
/* End PBXFileReference section */

/* Begin PBXFrameworksBuildPhase section */
		9BFD534620DB54FE00356DEC /* Frameworks */ = {
			isa = PBXFrameworksBuildPhase;
			buildActionMask = 2147483647;
			files = (
				3C7344E8F6DF7EE455A1FC44 /* libPods-DWAnimation.a in Frameworks */,
			);
			runOnlyForDeploymentPostprocessing = 0;
		};
/* End PBXFrameworksBuildPhase section */

/* Begin PBXGroup section */
		74A9E5A9B58FBD6284000A4C /* Pods */ = {
			isa = PBXGroup;
			children = (
				92E7299B0B5FA8690B7AE241 /* Pods-DWAnimation.debug.xcconfig */,
				1C8A16F8DC132DC54A7798A4 /* Pods-DWAnimation.release.xcconfig */,
			);
			name = Pods;
			sourceTree = "<group>";
		};
		9BFD534020DB54FE00356DEC = {
			isa = PBXGroup;
			children = (
				9BFD534B20DB54FE00356DEC /* DWAnimation */,
				9BFD534A20DB54FE00356DEC /* Products */,
				74A9E5A9B58FBD6284000A4C /* Pods */,
				E91194B8E57C877D2DEA1EB9 /* Frameworks */,
			);
			sourceTree = "<group>";
		};
		9BFD534A20DB54FE00356DEC /* Products */ = {
			isa = PBXGroup;
			children = (
				9BFD534920DB54FE00356DEC /* DWAnimation.app */,
			);
			name = Products;
			sourceTree = "<group>";
		};
		9BFD534B20DB54FE00356DEC /* DWAnimation */ = {
			isa = PBXGroup;
			children = (
				9BFD534C20DB54FE00356DEC /* AppDelegate.h */,
				9BFD534D20DB54FE00356DEC /* AppDelegate.m */,
				9BFD534F20DB54FE00356DEC /* ViewController.h */,
				9BFD535020DB54FE00356DEC /* ViewController.m */,
				9B6ED65D2200516E003BB1EA /* BaseViewController.h */,
				9B6ED65E2200516E003BB1EA /* BaseViewController.m */,
				9B6ED65A22005146003BB1EA /* MakerAnimationViewController.h */,
				9B6ED65B22005146003BB1EA /* MakerAnimationViewController.m */,
				9B6ED6752201CECA003BB1EA /* SimulateChangeAnchorViewController.h */,
				9B6ED6762201CECA003BB1EA /* SimulateChangeAnchorViewController.m */,
				9B6ED6722201C69F003BB1EA /* RotateAxisAnimationViewController.h */,
				9B6ED6732201C69F003BB1EA /* RotateAxisAnimationViewController.m */,
				9B6ED66F2201C5B6003BB1EA /* KeyPathAnimationViewController.h */,
				9B6ED6702201C5B6003BB1EA /* KeyPathAnimationViewController.m */,
				9B6ED66C220068F8003BB1EA /* SpringAnimationViewController.h */,
				9B6ED66D220068F8003BB1EA /* SpringAnimationViewController.m */,
				9B6ED66922006885003BB1EA /* ArcAnimationViewController.h */,
				9B6ED66A22006885003BB1EA /* ArcAnimationViewController.m */,
				9B6ED66022006048003BB1EA /* ArrAnimationViewController.h */,
				9B6ED66122006048003BB1EA /* ArrAnimationViewController.m */,
				9B6ED66322006373003BB1EA /* TimeIntervalAnimationViewController.h */,
				9B6ED66422006373003BB1EA /* TimeIntervalAnimationViewController.m */,
				9B6ED66622006795003BB1EA /* BezierAnimationViewController.h */,
				9B6ED66722006795003BB1EA /* BezierAnimationViewController.m */,
				9B244005222C185B004A6E34 /* AppendAnimationViewController.h */,
				9B244006222C185B004A6E34 /* AppendAnimationViewController.m */,
				9B244008222C1BBD004A6E34 /* CreateAnimationViewController.h */,
				9B244009222C1BBD004A6E34 /* CreateAnimationViewController.m */,
				9B24400B222C2173004A6E34 /* CombineAnimationViewController.h */,
				9B24400C222C2173004A6E34 /* CombineAnimationViewController.m */,
				9B24400E222C224A004A6E34 /* CombineAnimationsInArrayViewController.h */,
				9B24400F222C224A004A6E34 /* CombineAnimationsInArrayViewController.m */,
				9B244011222C232D004A6E34 /* ResetAnimationViewController.h */,
				9B244012222C232D004A6E34 /* ResetAnimationViewController.m */,
				9B92D761222F7F5400C49C55 /* AnimationGroupViewController.h */,
				9B92D762222F7F5400C49C55 /* AnimationGroupViewController.m */,
				9BFD535220DB54FE00356DEC /* Main.storyboard */,
				9BFD535520DB550000356DEC /* Assets.xcassets */,
				9BFD535720DB550000356DEC /* LaunchScreen.storyboard */,
				9BFD535A20DB550000356DEC /* Info.plist */,
				9BFD535B20DB550000356DEC /* main.m */,
			);
			path = DWAnimation;
			sourceTree = "<group>";
		};
		E91194B8E57C877D2DEA1EB9 /* Frameworks */ = {
			isa = PBXGroup;
			children = (
				2E019D9BE16BFE209A968D2A /* libPods-DWAnimation.a */,
			);
			name = Frameworks;
			sourceTree = "<group>";
		};
/* End PBXGroup section */

/* Begin PBXNativeTarget section */
		9BFD534820DB54FE00356DEC /* DWAnimation */ = {
			isa = PBXNativeTarget;
			buildConfigurationList = 9BFD535F20DB550000356DEC /* Build configuration list for PBXNativeTarget "DWAnimation" */;
			buildPhases = (
				563933BC5F4CF0F4805F44E7 /* [CP] Check Pods Manifest.lock */,
				9BFD534520DB54FE00356DEC /* Sources */,
				9BFD534620DB54FE00356DEC /* Frameworks */,
				9BFD534720DB54FE00356DEC /* Resources */,
			);
			buildRules = (
			);
			dependencies = (
			);
			name = DWAnimation;
			productName = DWAnimation;
			productReference = 9BFD534920DB54FE00356DEC /* DWAnimation.app */;
			productType = "com.apple.product-type.application";
		};
/* End PBXNativeTarget section */

/* Begin PBXProject section */
		9BFD534120DB54FE00356DEC /* Project object */ = {
			isa = PBXProject;
			attributes = {
				LastUpgradeCheck = 0930;
				ORGANIZATIONNAME = Wicky;
				TargetAttributes = {
					9BFD534820DB54FE00356DEC = {
						CreatedOnToolsVersion = 9.3.1;
					};
				};
			};
			buildConfigurationList = 9BFD534420DB54FE00356DEC /* Build configuration list for PBXProject "DWAnimation" */;
			compatibilityVersion = "Xcode 9.3";
			developmentRegion = en;
			hasScannedForEncodings = 0;
			knownRegions = (
				en,
				Base,
			);
			mainGroup = 9BFD534020DB54FE00356DEC;
			productRefGroup = 9BFD534A20DB54FE00356DEC /* Products */;
			projectDirPath = "";
			projectRoot = "";
			targets = (
				9BFD534820DB54FE00356DEC /* DWAnimation */,
			);
		};
/* End PBXProject section */

/* Begin PBXResourcesBuildPhase section */
		9BFD534720DB54FE00356DEC /* Resources */ = {
			isa = PBXResourcesBuildPhase;
			buildActionMask = 2147483647;
			files = (
				9BFD535920DB550000356DEC /* LaunchScreen.storyboard in Resources */,
				9BFD535620DB550000356DEC /* Assets.xcassets in Resources */,
				9BFD535420DB54FE00356DEC /* Main.storyboard in Resources */,
			);
			runOnlyForDeploymentPostprocessing = 0;
		};
/* End PBXResourcesBuildPhase section */

/* Begin PBXShellScriptBuildPhase section */
		563933BC5F4CF0F4805F44E7 /* [CP] Check Pods Manifest.lock */ = {
			isa = PBXShellScriptBuildPhase;
			buildActionMask = 2147483647;
			files = (
			);
			inputPaths = (
				"${PODS_PODFILE_DIR_PATH}/Podfile.lock",
				"${PODS_ROOT}/Manifest.lock",
			);
			name = "[CP] Check Pods Manifest.lock";
			outputPaths = (
				"$(DERIVED_FILE_DIR)/Pods-DWAnimation-checkManifestLockResult.txt",
			);
			runOnlyForDeploymentPostprocessing = 0;
			shellPath = /bin/sh;
			shellScript = "diff \"${PODS_PODFILE_DIR_PATH}/Podfile.lock\" \"${PODS_ROOT}/Manifest.lock\" > /dev/null\nif [ $? != 0 ] ; then\n    # print error to STDERR\n    echo \"error: The sandbox is not in sync with the Podfile.lock. Run 'pod install' or update your CocoaPods installation.\" >&2\n    exit 1\nfi\n# This output is used by Xcode 'outputs' to avoid re-running this script phase.\necho \"SUCCESS\" > \"${SCRIPT_OUTPUT_FILE_0}\"\n";
			showEnvVarsInLog = 0;
		};
/* End PBXShellScriptBuildPhase section */

/* Begin PBXSourcesBuildPhase section */
		9BFD534520DB54FE00356DEC /* Sources */ = {
			isa = PBXSourcesBuildPhase;
			buildActionMask = 2147483647;
			files = (
				9B6ED65F2200516E003BB1EA /* BaseViewController.m in Sources */,
				9B6ED6742201C69F003BB1EA /* RotateAxisAnimationViewController.m in Sources */,
				9B244010222C224A004A6E34 /* CombineAnimationsInArrayViewController.m in Sources */,
				9B6ED66822006795003BB1EA /* BezierAnimationViewController.m in Sources */,
				9B6ED66E220068F8003BB1EA /* SpringAnimationViewController.m in Sources */,
				9B6ED66222006048003BB1EA /* ArrAnimationViewController.m in Sources */,
				9B6ED66522006373003BB1EA /* TimeIntervalAnimationViewController.m in Sources */,
				9B6ED65C22005146003BB1EA /* MakerAnimationViewController.m in Sources */,
				9BFD535120DB54FE00356DEC /* ViewController.m in Sources */,
				9B92D763222F7F5400C49C55 /* AnimationGroupViewController.m in Sources */,
				9BFD535C20DB550000356DEC /* main.m in Sources */,
				9BFD534E20DB54FE00356DEC /* AppDelegate.m in Sources */,
				9B6ED66B22006885003BB1EA /* ArcAnimationViewController.m in Sources */,
				9B6ED6712201C5B6003BB1EA /* KeyPathAnimationViewController.m in Sources */,
				9B244013222C232D004A6E34 /* ResetAnimationViewController.m in Sources */,
				9B6ED6772201CECA003BB1EA /* SimulateChangeAnchorViewController.m in Sources */,
				9B244007222C185B004A6E34 /* AppendAnimationViewController.m in Sources */,
				9B24400D222C2173004A6E34 /* CombineAnimationViewController.m in Sources */,
				9B24400A222C1BBD004A6E34 /* CreateAnimationViewController.m in Sources */,
			);
			runOnlyForDeploymentPostprocessing = 0;
		};
/* End PBXSourcesBuildPhase section */

/* Begin PBXVariantGroup section */
		9BFD535220DB54FE00356DEC /* Main.storyboard */ = {
			isa = PBXVariantGroup;
			children = (
				9BFD535320DB54FE00356DEC /* Base */,
			);
			name = Main.storyboard;
			sourceTree = "<group>";
		};
		9BFD535720DB550000356DEC /* LaunchScreen.storyboard */ = {
			isa = PBXVariantGroup;
			children = (
				9BFD535820DB550000356DEC /* Base */,
			);
			name = LaunchScreen.storyboard;
			sourceTree = "<group>";
		};
/* End PBXVariantGroup section */

/* Begin XCBuildConfiguration section */
		9BFD535D20DB550000356DEC /* Debug */ = {
			isa = XCBuildConfiguration;
			buildSettings = {
				ALWAYS_SEARCH_USER_PATHS = NO;
				CLANG_ANALYZER_NONNULL = YES;
				CLANG_ANALYZER_NUMBER_OBJECT_CONVERSION = YES_AGGRESSIVE;
				CLANG_CXX_LANGUAGE_STANDARD = "gnu++14";
				CLANG_CXX_LIBRARY = "libc++";
				CLANG_ENABLE_MODULES = YES;
				CLANG_ENABLE_OBJC_ARC = YES;
				CLANG_ENABLE_OBJC_WEAK = YES;
				CLANG_WARN_BLOCK_CAPTURE_AUTORELEASING = YES;
				CLANG_WARN_BOOL_CONVERSION = YES;
				CLANG_WARN_COMMA = YES;
				CLANG_WARN_CONSTANT_CONVERSION = YES;
				CLANG_WARN_DEPRECATED_OBJC_IMPLEMENTATIONS = YES;
				CLANG_WARN_DIRECT_OBJC_ISA_USAGE = YES_ERROR;
				CLANG_WARN_DOCUMENTATION_COMMENTS = YES;
				CLANG_WARN_EMPTY_BODY = YES;
				CLANG_WARN_ENUM_CONVERSION = YES;
				CLANG_WARN_INFINITE_RECURSION = YES;
				CLANG_WARN_INT_CONVERSION = YES;
				CLANG_WARN_NON_LITERAL_NULL_CONVERSION = YES;
				CLANG_WARN_OBJC_IMPLICIT_RETAIN_SELF = YES;
				CLANG_WARN_OBJC_LITERAL_CONVERSION = YES;
				CLANG_WARN_OBJC_ROOT_CLASS = YES_ERROR;
				CLANG_WARN_RANGE_LOOP_ANALYSIS = YES;
				CLANG_WARN_STRICT_PROTOTYPES = YES;
				CLANG_WARN_SUSPICIOUS_MOVE = YES;
				CLANG_WARN_UNGUARDED_AVAILABILITY = YES_AGGRESSIVE;
				CLANG_WARN_UNREACHABLE_CODE = YES;
				CLANG_WARN__DUPLICATE_METHOD_MATCH = YES;
				CODE_SIGN_IDENTITY = "iPhone Developer";
				COPY_PHASE_STRIP = NO;
				DEBUG_INFORMATION_FORMAT = dwarf;
				ENABLE_STRICT_OBJC_MSGSEND = YES;
				ENABLE_TESTABILITY = YES;
				GCC_C_LANGUAGE_STANDARD = gnu11;
				GCC_DYNAMIC_NO_PIC = NO;
				GCC_NO_COMMON_BLOCKS = YES;
				GCC_OPTIMIZATION_LEVEL = 0;
				GCC_PREPROCESSOR_DEFINITIONS = (
					"DEBUG=1",
					"$(inherited)",
				);
				GCC_WARN_64_TO_32_BIT_CONVERSION = YES;
				GCC_WARN_ABOUT_RETURN_TYPE = YES_ERROR;
				GCC_WARN_UNDECLARED_SELECTOR = YES;
				GCC_WARN_UNINITIALIZED_AUTOS = YES_AGGRESSIVE;
				GCC_WARN_UNUSED_FUNCTION = YES;
				GCC_WARN_UNUSED_VARIABLE = YES;
				IPHONEOS_DEPLOYMENT_TARGET = 11.3;
				MTL_ENABLE_DEBUG_INFO = YES;
				ONLY_ACTIVE_ARCH = YES;
				SDKROOT = iphoneos;
			};
			name = Debug;
		};
		9BFD535E20DB550000356DEC /* Release */ = {
			isa = XCBuildConfiguration;
			buildSettings = {
				ALWAYS_SEARCH_USER_PATHS = NO;
				CLANG_ANALYZER_NONNULL = YES;
				CLANG_ANALYZER_NUMBER_OBJECT_CONVERSION = YES_AGGRESSIVE;
				CLANG_CXX_LANGUAGE_STANDARD = "gnu++14";
				CLANG_CXX_LIBRARY = "libc++";
				CLANG_ENABLE_MODULES = YES;
				CLANG_ENABLE_OBJC_ARC = YES;
				CLANG_ENABLE_OBJC_WEAK = YES;
				CLANG_WARN_BLOCK_CAPTURE_AUTORELEASING = YES;
				CLANG_WARN_BOOL_CONVERSION = YES;
				CLANG_WARN_COMMA = YES;
				CLANG_WARN_CONSTANT_CONVERSION = YES;
				CLANG_WARN_DEPRECATED_OBJC_IMPLEMENTATIONS = YES;
				CLANG_WARN_DIRECT_OBJC_ISA_USAGE = YES_ERROR;
				CLANG_WARN_DOCUMENTATION_COMMENTS = YES;
				CLANG_WARN_EMPTY_BODY = YES;
				CLANG_WARN_ENUM_CONVERSION = YES;
				CLANG_WARN_INFINITE_RECURSION = YES;
				CLANG_WARN_INT_CONVERSION = YES;
				CLANG_WARN_NON_LITERAL_NULL_CONVERSION = YES;
				CLANG_WARN_OBJC_IMPLICIT_RETAIN_SELF = YES;
				CLANG_WARN_OBJC_LITERAL_CONVERSION = YES;
				CLANG_WARN_OBJC_ROOT_CLASS = YES_ERROR;
				CLANG_WARN_RANGE_LOOP_ANALYSIS = YES;
				CLANG_WARN_STRICT_PROTOTYPES = YES;
				CLANG_WARN_SUSPICIOUS_MOVE = YES;
				CLANG_WARN_UNGUARDED_AVAILABILITY = YES_AGGRESSIVE;
				CLANG_WARN_UNREACHABLE_CODE = YES;
				CLANG_WARN__DUPLICATE_METHOD_MATCH = YES;
				CODE_SIGN_IDENTITY = "iPhone Developer";
				COPY_PHASE_STRIP = NO;
				DEBUG_INFORMATION_FORMAT = "dwarf-with-dsym";
				ENABLE_NS_ASSERTIONS = NO;
				ENABLE_STRICT_OBJC_MSGSEND = YES;
				GCC_C_LANGUAGE_STANDARD = gnu11;
				GCC_NO_COMMON_BLOCKS = YES;
				GCC_WARN_64_TO_32_BIT_CONVERSION = YES;
				GCC_WARN_ABOUT_RETURN_TYPE = YES_ERROR;
				GCC_WARN_UNDECLARED_SELECTOR = YES;
				GCC_WARN_UNINITIALIZED_AUTOS = YES_AGGRESSIVE;
				GCC_WARN_UNUSED_FUNCTION = YES;
				GCC_WARN_UNUSED_VARIABLE = YES;
				IPHONEOS_DEPLOYMENT_TARGET = 11.3;
				MTL_ENABLE_DEBUG_INFO = NO;
				SDKROOT = iphoneos;
				VALIDATE_PRODUCT = YES;
			};
			name = Release;
		};
		9BFD536020DB550000356DEC /* Debug */ = {
			isa = XCBuildConfiguration;
			baseConfigurationReference = 92E7299B0B5FA8690B7AE241 /* Pods-DWAnimation.debug.xcconfig */;
			buildSettings = {
				ASSETCATALOG_COMPILER_APPICON_NAME = AppIcon;
				CODE_SIGN_STYLE = Automatic;
				DEVELOPMENT_TEAM = Z26Y87B8NH;
				INFOPLIST_FILE = DWAnimation/Info.plist;
				IPHONEOS_DEPLOYMENT_TARGET = 9.0;
				LD_RUNPATH_SEARCH_PATHS = (
					"$(inherited)",
					"@executable_path/Frameworks",
				);
				PRODUCT_BUNDLE_IDENTIFIER = Wicky.DWAnimation;
				PRODUCT_NAME = "$(TARGET_NAME)";
				TARGETED_DEVICE_FAMILY = "1,2";
			};
			name = Debug;
		};
		9BFD536120DB550000356DEC /* Release */ = {
			isa = XCBuildConfiguration;
			baseConfigurationReference = 1C8A16F8DC132DC54A7798A4 /* Pods-DWAnimation.release.xcconfig */;
			buildSettings = {
				ASSETCATALOG_COMPILER_APPICON_NAME = AppIcon;
				CODE_SIGN_STYLE = Automatic;
				DEVELOPMENT_TEAM = Z26Y87B8NH;
				INFOPLIST_FILE = DWAnimation/Info.plist;
				IPHONEOS_DEPLOYMENT_TARGET = 9.0;
				LD_RUNPATH_SEARCH_PATHS = (
					"$(inherited)",
					"@executable_path/Frameworks",
				);
				PRODUCT_BUNDLE_IDENTIFIER = Wicky.DWAnimation;
				PRODUCT_NAME = "$(TARGET_NAME)";
				TARGETED_DEVICE_FAMILY = "1,2";
			};
			name = Release;
		};
/* End XCBuildConfiguration section */

/* Begin XCConfigurationList section */
		9BFD534420DB54FE00356DEC /* Build configuration list for PBXProject "DWAnimation" */ = {
			isa = XCConfigurationList;
			buildConfigurations = (
				9BFD535D20DB550000356DEC /* Debug */,
				9BFD535E20DB550000356DEC /* Release */,
			);
			defaultConfigurationIsVisible = 0;
			defaultConfigurationName = Release;
		};
		9BFD535F20DB550000356DEC /* Build configuration list for PBXNativeTarget "DWAnimation" */ = {
			isa = XCConfigurationList;
			buildConfigurations = (
				9BFD536020DB550000356DEC /* Debug */,
				9BFD536120DB550000356DEC /* Release */,
			);
			defaultConfigurationIsVisible = 0;
			defaultConfigurationName = Release;
		};
/* End XCConfigurationList section */
	};
	rootObject = 9BFD534120DB54FE00356DEC /* Project object */;
}
