// !$*UTF8*$!
{
	archiveVersion = 1;
	classes = {
	};
	objectVersion = 46;
	objects = {

/* Begin PBXBuildFile section */
		9B1C29E31D7EC4C70029663B /* main.m in Sources */ = {isa = PBXBuildFile; fileRef = 9B1C29E21D7EC4C70029663B /* main.m */; };
		9B1C29E61D7EC4C70029663B /* AppDelegate.m in Sources */ = {isa = PBXBuildFile; fileRef = 9B1C29E51D7EC4C70029663B /* AppDelegate.m */; };
		9B1C29E91D7EC4C70029663B /* ViewController.m in Sources */ = {isa = PBXBuildFile; fileRef = 9B1C29E81D7EC4C70029663B /* ViewController.m */; };
		9B1C29EC1D7EC4C70029663B /* Main.storyboard in Resources */ = {isa = PBXBuildFile; fileRef = 9B1C29EA1D7EC4C70029663B /* Main.storyboard */; };
		9B1C29EE1D7EC4C70029663B /* Assets.xcassets in Resources */ = {isa = PBXBuildFile; fileRef = 9B1C29ED1D7EC4C70029663B /* Assets.xcassets */; };
		9B1C29F11D7EC4C70029663B /* LaunchScreen.storyboard in Resources */ = {isa = PBXBuildFile; fileRef = 9B1C29EF1D7EC4C70029663B /* LaunchScreen.storyboard */; };
		9B1C2A021D7EC5240029663B /* DWAnimation.m in Sources */ = {isa = PBXBuildFile; fileRef = 9B1C29FA1D7EC5240029663B /* DWAnimation.m */; };
		9B1C2A031D7EC5240029663B /* DWAnimationMaker.m in Sources */ = {isa = PBXBuildFile; fileRef = 9B1C29FD1D7EC5240029663B /* DWAnimationMaker.m */; };
		9B1C2A041D7EC5240029663B /* DWAnimationManager.m in Sources */ = {isa = PBXBuildFile; fileRef = 9B1C29FF1D7EC5240029663B /* DWAnimationManager.m */; };
		9B1C2A051D7EC5240029663B /* UIView+DWAnimation.m in Sources */ = {isa = PBXBuildFile; fileRef = 9B1C2A011D7EC5240029663B /* UIView+DWAnimation.m */; };
		9B428C8E1DA81A28008AAFE1 /* CALayer+DWAnimation.m in Sources */ = {isa = PBXBuildFile; fileRef = 9B428C8D1DA81A28008AAFE1 /* CALayer+DWAnimation.m */; };
/* End PBXBuildFile section */

/* Begin PBXFileReference section */
		9B1C29DE1D7EC4C70029663B /* DWAnimation.app */ = {isa = PBXFileReference; explicitFileType = wrapper.application; includeInIndex = 0; path = DWAnimation.app; sourceTree = BUILT_PRODUCTS_DIR; };
		9B1C29E21D7EC4C70029663B /* main.m */ = {isa = PBXFileReference; lastKnownFileType = sourcecode.c.objc; path = main.m; sourceTree = "<group>"; };
		9B1C29E41D7EC4C70029663B /* AppDelegate.h */ = {isa = PBXFileReference; lastKnownFileType = sourcecode.c.h; path = AppDelegate.h; sourceTree = "<group>"; };
		9B1C29E51D7EC4C70029663B /* AppDelegate.m */ = {isa = PBXFileReference; lastKnownFileType = sourcecode.c.objc; path = AppDelegate.m; sourceTree = "<group>"; };
		9B1C29E71D7EC4C70029663B /* ViewController.h */ = {isa = PBXFileReference; lastKnownFileType = sourcecode.c.h; path = ViewController.h; sourceTree = "<group>"; };
		9B1C29E81D7EC4C70029663B /* ViewController.m */ = {isa = PBXFileReference; lastKnownFileType = sourcecode.c.objc; path = ViewController.m; sourceTree = "<group>"; };
		9B1C29EB1D7EC4C70029663B /* Base */ = {isa = PBXFileReference; lastKnownFileType = file.storyboard; name = Base; path = Base.lproj/Main.storyboard; sourceTree = "<group>"; };
		9B1C29ED1D7EC4C70029663B /* Assets.xcassets */ = {isa = PBXFileReference; lastKnownFileType = folder.assetcatalog; path = Assets.xcassets; sourceTree = "<group>"; };
		9B1C29F01D7EC4C70029663B /* Base */ = {isa = PBXFileReference; lastKnownFileType = file.storyboard; name = Base; path = Base.lproj/LaunchScreen.storyboard; sourceTree = "<group>"; };
		9B1C29F21D7EC4C70029663B /* Info.plist */ = {isa = PBXFileReference; lastKnownFileType = text.plist.xml; path = Info.plist; sourceTree = "<group>"; };
		9B1C29F91D7EC5240029663B /* DWAnimation.h */ = {isa = PBXFileReference; fileEncoding = 4; lastKnownFileType = sourcecode.c.h; path = DWAnimation.h; sourceTree = "<group>"; };
		9B1C29FA1D7EC5240029663B /* DWAnimation.m */ = {isa = PBXFileReference; fileEncoding = 4; lastKnownFileType = sourcecode.c.objc; path = DWAnimation.m; sourceTree = "<group>"; };
		9B1C29FB1D7EC5240029663B /* DWAnimationHeader.h */ = {isa = PBXFileReference; fileEncoding = 4; lastKnownFileType = sourcecode.c.h; path = DWAnimationHeader.h; sourceTree = "<group>"; };
		9B1C29FC1D7EC5240029663B /* DWAnimationMaker.h */ = {isa = PBXFileReference; fileEncoding = 4; lastKnownFileType = sourcecode.c.h; path = DWAnimationMaker.h; sourceTree = "<group>"; };
		9B1C29FD1D7EC5240029663B /* DWAnimationMaker.m */ = {isa = PBXFileReference; fileEncoding = 4; lastKnownFileType = sourcecode.c.objc; path = DWAnimationMaker.m; sourceTree = "<group>"; };
		9B1C29FE1D7EC5240029663B /* DWAnimationManager.h */ = {isa = PBXFileReference; fileEncoding = 4; lastKnownFileType = sourcecode.c.h; path = DWAnimationManager.h; sourceTree = "<group>"; };
		9B1C29FF1D7EC5240029663B /* DWAnimationManager.m */ = {isa = PBXFileReference; fileEncoding = 4; lastKnownFileType = sourcecode.c.objc; path = DWAnimationManager.m; sourceTree = "<group>"; };
		9B1C2A001D7EC5240029663B /* UIView+DWAnimation.h */ = {isa = PBXFileReference; fileEncoding = 4; lastKnownFileType = sourcecode.c.h; path = "UIView+DWAnimation.h"; sourceTree = "<group>"; };
		9B1C2A011D7EC5240029663B /* UIView+DWAnimation.m */ = {isa = PBXFileReference; fileEncoding = 4; lastKnownFileType = sourcecode.c.objc; path = "UIView+DWAnimation.m"; sourceTree = "<group>"; };
		9B428C8C1DA81A28008AAFE1 /* CALayer+DWAnimation.h */ = {isa = PBXFileReference; fileEncoding = 4; lastKnownFileType = sourcecode.c.h; path = "CALayer+DWAnimation.h"; sourceTree = "<group>"; };
		9B428C8D1DA81A28008AAFE1 /* CALayer+DWAnimation.m */ = {isa = PBXFileReference; fileEncoding = 4; lastKnownFileType = sourcecode.c.objc; path = "CALayer+DWAnimation.m"; sourceTree = "<group>"; };
/* End PBXFileReference section */

/* Begin PBXFrameworksBuildPhase section */
		9B1C29DB1D7EC4C70029663B /* Frameworks */ = {
			isa = PBXFrameworksBuildPhase;
			buildActionMask = 2147483647;
			files = (
			);
			runOnlyForDeploymentPostprocessing = 0;
		};
/* End PBXFrameworksBuildPhase section */

/* Begin PBXGroup section */
		9B1C29D51D7EC4C70029663B = {
			isa = PBXGroup;
			children = (
				9B1C29E01D7EC4C70029663B /* DWAnimation */,
				9B1C29DF1D7EC4C70029663B /* Products */,
			);
			sourceTree = "<group>";
		};
		9B1C29DF1D7EC4C70029663B /* Products */ = {
			isa = PBXGroup;
			children = (
				9B1C29DE1D7EC4C70029663B /* DWAnimation.app */,
			);
			name = Products;
			sourceTree = "<group>";
		};
		9B1C29E01D7EC4C70029663B /* DWAnimation */ = {
			isa = PBXGroup;
			children = (
				9B1C29E41D7EC4C70029663B /* AppDelegate.h */,
				9B1C29E51D7EC4C70029663B /* AppDelegate.m */,
				9B1C29E71D7EC4C70029663B /* ViewController.h */,
				9B1C29E81D7EC4C70029663B /* ViewController.m */,
				9B1C29F81D7EC5240029663B /* DWAnimation */,
				9B1C29EA1D7EC4C70029663B /* Main.storyboard */,
				9B1C29ED1D7EC4C70029663B /* Assets.xcassets */,
				9B1C29EF1D7EC4C70029663B /* LaunchScreen.storyboard */,
				9B1C29F21D7EC4C70029663B /* Info.plist */,
				9B1C29E11D7EC4C70029663B /* Supporting Files */,
			);
			path = DWAnimation;
			sourceTree = "<group>";
		};
		9B1C29E11D7EC4C70029663B /* Supporting Files */ = {
			isa = PBXGroup;
			children = (
				9B1C29E21D7EC4C70029663B /* main.m */,
			);
			name = "Supporting Files";
			sourceTree = "<group>";
		};
		9B1C29F81D7EC5240029663B /* DWAnimation */ = {
			isa = PBXGroup;
			children = (
				9B1C29F91D7EC5240029663B /* DWAnimation.h */,
				9B1C29FA1D7EC5240029663B /* DWAnimation.m */,
				9B1C29FB1D7EC5240029663B /* DWAnimationHeader.h */,
				9B1C29FC1D7EC5240029663B /* DWAnimationMaker.h */,
				9B1C29FD1D7EC5240029663B /* DWAnimationMaker.m */,
				9B428C8C1DA81A28008AAFE1 /* CALayer+DWAnimation.h */,
				9B428C8D1DA81A28008AAFE1 /* CALayer+DWAnimation.m */,
				9B1C29FE1D7EC5240029663B /* DWAnimationManager.h */,
				9B1C29FF1D7EC5240029663B /* DWAnimationManager.m */,
				9B1C2A001D7EC5240029663B /* UIView+DWAnimation.h */,
				9B1C2A011D7EC5240029663B /* UIView+DWAnimation.m */,
			);
			path = DWAnimation;
			sourceTree = "<group>";
		};
/* End PBXGroup section */

/* Begin PBXNativeTarget section */
		9B1C29DD1D7EC4C70029663B /* DWAnimation */ = {
			isa = PBXNativeTarget;
			buildConfigurationList = 9B1C29F51D7EC4C70029663B /* Build configuration list for PBXNativeTarget "DWAnimation" */;
			buildPhases = (
				9B1C29DA1D7EC4C70029663B /* Sources */,
				9B1C29DB1D7EC4C70029663B /* Frameworks */,
				9B1C29DC1D7EC4C70029663B /* Resources */,
			);
			buildRules = (
			);
			dependencies = (
			);
			name = DWAnimation;
			productName = DWAnimation;
			productReference = 9B1C29DE1D7EC4C70029663B /* DWAnimation.app */;
			productType = "com.apple.product-type.application";
		};
/* End PBXNativeTarget section */

/* Begin PBXProject section */
		9B1C29D61D7EC4C70029663B /* Project object */ = {
			isa = PBXProject;
			attributes = {
				LastUpgradeCheck = 0720;
				ORGANIZATIONNAME = Wicky;
				TargetAttributes = {
					9B1C29DD1D7EC4C70029663B = {
						CreatedOnToolsVersion = 7.2;
						DevelopmentTeam = Z26Y87B8NH;
					};
				};
			};
			buildConfigurationList = 9B1C29D91D7EC4C70029663B /* Build configuration list for PBXProject "DWAnimation" */;
			compatibilityVersion = "Xcode 3.2";
			developmentRegion = English;
			hasScannedForEncodings = 0;
			knownRegions = (
				en,
				Base,
			);
			mainGroup = 9B1C29D51D7EC4C70029663B;
			productRefGroup = 9B1C29DF1D7EC4C70029663B /* Products */;
			projectDirPath = "";
			projectRoot = "";
			targets = (
				9B1C29DD1D7EC4C70029663B /* DWAnimation */,
			);
		};
/* End PBXProject section */

/* Begin PBXResourcesBuildPhase section */
		9B1C29DC1D7EC4C70029663B /* Resources */ = {
			isa = PBXResourcesBuildPhase;
			buildActionMask = 2147483647;
			files = (
				9B1C29F11D7EC4C70029663B /* LaunchScreen.storyboard in Resources */,
				9B1C29EE1D7EC4C70029663B /* Assets.xcassets in Resources */,
				9B1C29EC1D7EC4C70029663B /* Main.storyboard in Resources */,
			);
			runOnlyForDeploymentPostprocessing = 0;
		};
/* End PBXResourcesBuildPhase section */

/* Begin PBXSourcesBuildPhase section */
		9B1C29DA1D7EC4C70029663B /* Sources */ = {
			isa = PBXSourcesBuildPhase;
			buildActionMask = 2147483647;
			files = (
				9B1C29E91D7EC4C70029663B /* ViewController.m in Sources */,
				9B1C2A031D7EC5240029663B /* DWAnimationMaker.m in Sources */,
				9B1C2A051D7EC5240029663B /* UIView+DWAnimation.m in Sources */,
				9B1C29E61D7EC4C70029663B /* AppDelegate.m in Sources */,
				9B1C29E31D7EC4C70029663B /* main.m in Sources */,
				9B1C2A021D7EC5240029663B /* DWAnimation.m in Sources */,
				9B1C2A041D7EC5240029663B /* DWAnimationManager.m in Sources */,
				9B428C8E1DA81A28008AAFE1 /* CALayer+DWAnimation.m in Sources */,
			);
			runOnlyForDeploymentPostprocessing = 0;
		};
/* End PBXSourcesBuildPhase section */

/* Begin PBXVariantGroup section */
		9B1C29EA1D7EC4C70029663B /* Main.storyboard */ = {
			isa = PBXVariantGroup;
			children = (
				9B1C29EB1D7EC4C70029663B /* Base */,
			);
			name = Main.storyboard;
			sourceTree = "<group>";
		};
		9B1C29EF1D7EC4C70029663B /* LaunchScreen.storyboard */ = {
			isa = PBXVariantGroup;
			children = (
				9B1C29F01D7EC4C70029663B /* Base */,
			);
			name = LaunchScreen.storyboard;
			sourceTree = "<group>";
		};
/* End PBXVariantGroup section */

/* Begin XCBuildConfiguration section */
		9B1C29F31D7EC4C70029663B /* Debug */ = {
			isa = XCBuildConfiguration;
			buildSettings = {
				ALWAYS_SEARCH_USER_PATHS = NO;
				CLANG_CXX_LANGUAGE_STANDARD = "gnu++0x";
				CLANG_CXX_LIBRARY = "libc++";
				CLANG_ENABLE_MODULES = YES;
				CLANG_ENABLE_OBJC_ARC = YES;
				CLANG_WARN_BOOL_CONVERSION = YES;
				CLANG_WARN_CONSTANT_CONVERSION = YES;
				CLANG_WARN_DIRECT_OBJC_ISA_USAGE = YES_ERROR;
				CLANG_WARN_EMPTY_BODY = YES;
				CLANG_WARN_ENUM_CONVERSION = YES;
				CLANG_WARN_INT_CONVERSION = YES;
				CLANG_WARN_OBJC_ROOT_CLASS = YES_ERROR;
				CLANG_WARN_UNREACHABLE_CODE = YES;
				CLANG_WARN__DUPLICATE_METHOD_MATCH = YES;
				"CODE_SIGN_IDENTITY[sdk=iphoneos*]" = "iPhone Developer";
				COPY_PHASE_STRIP = NO;
				DEBUG_INFORMATION_FORMAT = dwarf;
				ENABLE_STRICT_OBJC_MSGSEND = YES;
				ENABLE_TESTABILITY = YES;
				GCC_C_LANGUAGE_STANDARD = gnu99;
				GCC_DYNAMIC_NO_PIC = NO;
				GCC_NO_COMMON_BLOCKS = YES;
				GCC_OPTIMIZATION_LEVEL = 0;
				GCC_PREPROCESSOR_DEFINITIONS = (
					"DEBUG=1",
					"$(inherited)",
				);
				GCC_WARN_64_TO_32_BIT_CONVERSION = YES;
				GCC_WARN_ABOUT_RETURN_TYPE = YES_ERROR;
				GCC_WARN_UNDECLARED_SELECTOR = YES;
				GCC_WARN_UNINITIALIZED_AUTOS = YES_AGGRESSIVE;
				GCC_WARN_UNUSED_FUNCTION = YES;
				GCC_WARN_UNUSED_VARIABLE = YES;
				IPHONEOS_DEPLOYMENT_TARGET = 9.2;
				MTL_ENABLE_DEBUG_INFO = YES;
				ONLY_ACTIVE_ARCH = YES;
				SDKROOT = iphoneos;
				TARGETED_DEVICE_FAMILY = "1,2";
			};
			name = Debug;
		};
		9B1C29F41D7EC4C70029663B /* Release */ = {
			isa = XCBuildConfiguration;
			buildSettings = {
				ALWAYS_SEARCH_USER_PATHS = NO;
				CLANG_CXX_LANGUAGE_STANDARD = "gnu++0x";
				CLANG_CXX_LIBRARY = "libc++";
				CLANG_ENABLE_MODULES = YES;
				CLANG_ENABLE_OBJC_ARC = YES;
				CLANG_WARN_BOOL_CONVERSION = YES;
				CLANG_WARN_CONSTANT_CONVERSION = YES;
				CLANG_WARN_DIRECT_OBJC_ISA_USAGE = YES_ERROR;
				CLANG_WARN_EMPTY_BODY = YES;
				CLANG_WARN_ENUM_CONVERSION = YES;
				CLANG_WARN_INT_CONVERSION = YES;
				CLANG_WARN_OBJC_ROOT_CLASS = YES_ERROR;
				CLANG_WARN_UNREACHABLE_CODE = YES;
				CLANG_WARN__DUPLICATE_METHOD_MATCH = YES;
				"CODE_SIGN_IDENTITY[sdk=iphoneos*]" = "iPhone Developer";
				COPY_PHASE_STRIP = NO;
				DEBUG_INFORMATION_FORMAT = "dwarf-with-dsym";
				ENABLE_NS_ASSERTIONS = NO;
				ENABLE_STRICT_OBJC_MSGSEND = YES;
				GCC_C_LANGUAGE_STANDARD = gnu99;
				GCC_NO_COMMON_BLOCKS = YES;
				GCC_WARN_64_TO_32_BIT_CONVERSION = YES;
				GCC_WARN_ABOUT_RETURN_TYPE = YES_ERROR;
				GCC_WARN_UNDECLARED_SELECTOR = YES;
				GCC_WARN_UNINITIALIZED_AUTOS = YES_AGGRESSIVE;
				GCC_WARN_UNUSED_FUNCTION = YES;
				GCC_WARN_UNUSED_VARIABLE = YES;
				IPHONEOS_DEPLOYMENT_TARGET = 9.2;
				MTL_ENABLE_DEBUG_INFO = NO;
				SDKROOT = iphoneos;
				TARGETED_DEVICE_FAMILY = "1,2";
				VALIDATE_PRODUCT = YES;
			};
			name = Release;
		};
		9B1C29F61D7EC4C70029663B /* Debug */ = {
			isa = XCBuildConfiguration;
			buildSettings = {
				ASSETCATALOG_COMPILER_APPICON_NAME = AppIcon;
				INFOPLIST_FILE = DWAnimation/Info.plist;
				LD_RUNPATH_SEARCH_PATHS = "$(inherited) @executable_path/Frameworks";
				PRODUCT_BUNDLE_IDENTIFIER = WickySoft.DWAnimation;
				PRODUCT_NAME = "$(TARGET_NAME)";
			};
			name = Debug;
		};
		9B1C29F71D7EC4C70029663B /* Release */ = {
			isa = XCBuildConfiguration;
			buildSettings = {
				ASSETCATALOG_COMPILER_APPICON_NAME = AppIcon;
				INFOPLIST_FILE = DWAnimation/Info.plist;
				LD_RUNPATH_SEARCH_PATHS = "$(inherited) @executable_path/Frameworks";
				PRODUCT_BUNDLE_IDENTIFIER = WickySoft.DWAnimation;
				PRODUCT_NAME = "$(TARGET_NAME)";
			};
			name = Release;
		};
/* End XCBuildConfiguration section */

/* Begin XCConfigurationList section */
		9B1C29D91D7EC4C70029663B /* Build configuration list for PBXProject "DWAnimation" */ = {
			isa = XCConfigurationList;
			buildConfigurations = (
				9B1C29F31D7EC4C70029663B /* Debug */,
				9B1C29F41D7EC4C70029663B /* Release */,
			);
			defaultConfigurationIsVisible = 0;
			defaultConfigurationName = Release;
		};
		9B1C29F51D7EC4C70029663B /* Build configuration list for PBXNativeTarget "DWAnimation" */ = {
			isa = XCConfigurationList;
			buildConfigurations = (
				9B1C29F61D7EC4C70029663B /* Debug */,
				9B1C29F71D7EC4C70029663B /* Release */,
			);
			defaultConfigurationIsVisible = 0;
			defaultConfigurationName = Release;
		};
/* End XCConfigurationList section */
	};
	rootObject = 9B1C29D61D7EC4C70029663B /* Project object */;
}
